
Microsoft Visual Studio Solution File, Format Version 12.00
# Visual Studio Version 16
VisualStudioVersion = 16.0.32407.337
MinimumVisualStudioVersion = 10.0.40219.1
Project("{FAE04EC0-301F-11D3-BF4B-00C04F79EFBC}") = "תרגיל 6", "תרגיל 6\תרגיל 6.csproj", "{58795EC9-C782-4749-8C97-1A7118F419CA}"
EndProject
Global
	GlobalSection(SolutionConfigurationPlatforms) = preSolution
		Debug|Any CPU = Debug|Any CPU
		Release|Any CPU = Release|Any CPU
	EndGlobalSection
	GlobalSection(ProjectConfigurationPlatforms) = postSolution
		{58795EC9-C782-4749-8C97-1A7118F419CA}.Debug|Any CPU.ActiveCfg = Debug|Any CPU
		{58795EC9-C782-4749-8C97-1A7118F419CA}.Debug|Any CPU.Build.0 = Debug|Any CPU
		{58795EC9-C782-4749-8C97-1A7118F419CA}.Release|Any CPU.ActiveCfg = Release|Any CPU
		{58795EC9-C782-4749-8C97-1A7118F419CA}.Release|Any CPU.Build.0 = Release|Any CPU
	EndGlobalSection
	GlobalSection(SolutionProperties) = preSolution
		HideSolutionNode = FALSE
	EndGlobalSection
	GlobalSection(ExtensibilityGlobals) = postSolution
		SolutionGuid = {C8981628-1134-4519-8AA8-AA75E2BB0450}
	EndGlobalSection
EndGlobal
