
Microsoft Visual Studio Solution File, Format Version 12.00
# Visual Studio Version 16
VisualStudioVersion = 16.0.32407.337
MinimumVisualStudioVersion = 10.0.40219.1
Project("{FAE04EC0-301F-11D3-BF4B-00C04F79EFBC}") = "שאלה 2", "שאלה 2\שאלה 2.csproj", "{97C17023-C3DB-476F-8334-6A9042A135DC}"
EndProject
Global
	GlobalSection(SolutionConfigurationPlatforms) = preSolution
		Debug|Any CPU = Debug|Any CPU
		Release|Any CPU = Release|Any CPU
	EndGlobalSection
	GlobalSection(ProjectConfigurationPlatforms) = postSolution
		{97C17023-C3DB-476F-8334-6A9042A135DC}.Debug|Any CPU.ActiveCfg = Debug|Any CPU
		{97C17023-C3DB-476F-8334-6A9042A135DC}.Debug|Any CPU.Build.0 = Debug|Any CPU
		{97C17023-C3DB-476F-8334-6A9042A135DC}.Release|Any CPU.ActiveCfg = Release|Any CPU
		{97C17023-C3DB-476F-8334-6A9042A135DC}.Release|Any CPU.Build.0 = Release|Any CPU
	EndGlobalSection
	GlobalSection(SolutionProperties) = preSolution
		HideSolutionNode = FALSE
	EndGlobalSection
	GlobalSection(ExtensibilityGlobals) = postSolution
		SolutionGuid = {F0986430-FF1F-497F-A513-B39ADE3090DC}
	EndGlobalSection
EndGlobal
